
Microsoft Visual Studio Solution File, Format Version 12.00
# Visual Studio Version 16
VisualStudioVersion = 16.0.30907.101
MinimumVisualStudioVersion = 10.0.40219.1
Project("{FAE04EC0-301F-11D3-BF4B-00C04F79EFBC}") = "SalesSystem", "SalesSystem\SalesSystem.csproj", "{BDC9DB27-BFDD-402E-9C2A-9F4EA63DA0CA}"
EndProject
Project("{FAE04EC0-301F-11D3-BF4B-00C04F79EFBC}") = "system.DAL", "system.DAL\system.DAL.csproj", "{A138C070-B55E-4F41-B9E3-F8BB00193069}"
EndProject
Global
	GlobalSection(SolutionConfigurationPlatforms) = preSolution
		Debug|Any CPU = Debug|Any CPU
		Release|Any CPU = Release|Any CPU
	EndGlobalSection
	GlobalSection(ProjectConfigurationPlatforms) = postSolution
		{BDC9DB27-BFDD-402E-9C2A-9F4EA63DA0CA}.Debug|Any CPU.ActiveCfg = Debug|Any CPU
		{BDC9DB27-BFDD-402E-9C2A-9F4EA63DA0CA}.Debug|Any CPU.Build.0 = Debug|Any CPU
		{BDC9DB27-BFDD-402E-9C2A-9F4EA63DA0CA}.Release|Any CPU.ActiveCfg = Release|Any CPU
		{BDC9DB27-BFDD-402E-9C2A-9F4EA63DA0CA}.Release|Any CPU.Build.0 = Release|Any CPU
		{A138C070-B55E-4F41-B9E3-F8BB00193069}.Debug|Any CPU.ActiveCfg = Debug|Any CPU
		{A138C070-B55E-4F41-B9E3-F8BB00193069}.Debug|Any CPU.Build.0 = Debug|Any CPU
		{A138C070-B55E-4F41-B9E3-F8BB00193069}.Release|Any CPU.ActiveCfg = Release|Any CPU
		{A138C070-B55E-4F41-B9E3-F8BB00193069}.Release|Any CPU.Build.0 = Release|Any CPU
	EndGlobalSection
	GlobalSection(SolutionProperties) = preSolution
		HideSolutionNode = FALSE
	EndGlobalSection
	GlobalSection(ExtensibilityGlobals) = postSolution
		SolutionGuid = {9940FFA9-A7FF-4CD4-BFAA-AB7C8B2970EE}
	EndGlobalSection
EndGlobal
